// !$*UTF8*$!
{
	archiveVersion = 1;
	classes = {
	};
	objectVersion = 56;
	objects = {

/* Begin PBXBuildFile section */
		9E2A489C2C97016A00BA2433 /* ThreadsAppApp.swift in Sources */ = {isa = PBXBuildFile; fileRef = 9E2A489B2C97016A00BA2433 /* ThreadsAppApp.swift */; };
		9E2A489E2C97016A00BA2433 /* ContentView.swift in Sources */ = {isa = PBXBuildFile; fileRef = 9E2A489D2C97016A00BA2433 /* ContentView.swift */; };
		9E2A48A02C97016B00BA2433 /* Assets.xcassets in Resources */ = {isa = PBXBuildFile; fileRef = 9E2A489F2C97016B00BA2433 /* Assets.xcassets */; };
		9E2A48A32C97016B00BA2433 /* Preview Assets.xcassets in Resources */ = {isa = PBXBuildFile; fileRef = 9E2A48A22C97016B00BA2433 /* Preview Assets.xcassets */; };
		9E2A48AA2C97018B00BA2433 /* ContentViewModel.swift in Sources */ = {isa = PBXBuildFile; fileRef = 9E2A48A92C97018B00BA2433 /* ContentViewModel.swift */; };
		9E2A48AC2C9703F600BA2433 /* LocationThread.swift in Sources */ = {isa = PBXBuildFile; fileRef = 9E2A48AB2C9703F600BA2433 /* LocationThread.swift */; };
		9E2A48AE2C9703FE00BA2433 /* BatteryThread.swift in Sources */ = {isa = PBXBuildFile; fileRef = 9E2A48AD2C9703FE00BA2433 /* BatteryThread.swift */; };
		9E2A48B02C97041100BA2433 /* AggregationThread.swift in Sources */ = {isa = PBXBuildFile; fileRef = 9E2A48AF2C97041100BA2433 /* AggregationThread.swift */; };
/* End PBXBuildFile section */

/* Begin PBXFileReference section */
		9E2A48982C97016A00BA2433 /* ThreadsApp.app */ = {isa = PBXFileReference; explicitFileType = wrapper.application; includeInIndex = 0; path = ThreadsApp.app; sourceTree = BUILT_PRODUCTS_DIR; };
		9E2A489B2C97016A00BA2433 /* ThreadsAppApp.swift */ = {isa = PBXFileReference; lastKnownFileType = sourcecode.swift; path = ThreadsAppApp.swift; sourceTree = "<group>"; };
		9E2A489D2C97016A00BA2433 /* ContentView.swift */ = {isa = PBXFileReference; lastKnownFileType = sourcecode.swift; path = ContentView.swift; sourceTree = "<group>"; };
		9E2A489F2C97016B00BA2433 /* Assets.xcassets */ = {isa = PBXFileReference; lastKnownFileType = folder.assetcatalog; path = Assets.xcassets; sourceTree = "<group>"; };
		9E2A48A22C97016B00BA2433 /* Preview Assets.xcassets */ = {isa = PBXFileReference; lastKnownFileType = folder.assetcatalog; path = "Preview Assets.xcassets"; sourceTree = "<group>"; };
		9E2A48A92C97018B00BA2433 /* ContentViewModel.swift */ = {isa = PBXFileReference; lastKnownFileType = sourcecode.swift; path = ContentViewModel.swift; sourceTree = "<group>"; };
		9E2A48AB2C9703F600BA2433 /* LocationThread.swift */ = {isa = PBXFileReference; lastKnownFileType = sourcecode.swift; path = LocationThread.swift; sourceTree = "<group>"; };
		9E2A48AD2C9703FE00BA2433 /* BatteryThread.swift */ = {isa = PBXFileReference; lastKnownFileType = sourcecode.swift; path = BatteryThread.swift; sourceTree = "<group>"; };
		9E2A48AF2C97041100BA2433 /* AggregationThread.swift */ = {isa = PBXFileReference; lastKnownFileType = sourcecode.swift; path = AggregationThread.swift; sourceTree = "<group>"; };
/* End PBXFileReference section */

/* Begin PBXFrameworksBuildPhase section */
		9E2A48952C97016A00BA2433 /* Frameworks */ = {
			isa = PBXFrameworksBuildPhase;
			buildActionMask = 2147483647;
			files = (
			);
			runOnlyForDeploymentPostprocessing = 0;
		};
/* End PBXFrameworksBuildPhase section */

/* Begin PBXGroup section */
		9E2A488F2C97016A00BA2433 = {
			isa = PBXGroup;
			children = (
				9E2A489A2C97016A00BA2433 /* ThreadsApp */,
				9E2A48992C97016A00BA2433 /* Products */,
			);
			sourceTree = "<group>";
		};
		9E2A48992C97016A00BA2433 /* Products */ = {
			isa = PBXGroup;
			children = (
				9E2A48982C97016A00BA2433 /* ThreadsApp.app */,
			);
			name = Products;
			sourceTree = "<group>";
		};
		9E2A489A2C97016A00BA2433 /* ThreadsApp */ = {
			isa = PBXGroup;
			children = (
				9E2A489B2C97016A00BA2433 /* ThreadsAppApp.swift */,
				9E2A489D2C97016A00BA2433 /* ContentView.swift */,
				9E2A48A92C97018B00BA2433 /* ContentViewModel.swift */,
				9E2A48AB2C9703F600BA2433 /* LocationThread.swift */,
				9E2A48AD2C9703FE00BA2433 /* BatteryThread.swift */,
				9E2A48AF2C97041100BA2433 /* AggregationThread.swift */,
				9E2A489F2C97016B00BA2433 /* Assets.xcassets */,
				9E2A48A12C97016B00BA2433 /* Preview Content */,
			);
			path = ThreadsApp;
			sourceTree = "<group>";
		};
		9E2A48A12C97016B00BA2433 /* Preview Content */ = {
			isa = PBXGroup;
			children = (
				9E2A48A22C97016B00BA2433 /* Preview Assets.xcassets */,
			);
			path = "Preview Content";
			sourceTree = "<group>";
		};
/* End PBXGroup section */

/* Begin PBXNativeTarget section */
		9E2A48972C97016A00BA2433 /* ThreadsApp */ = {
			isa = PBXNativeTarget;
			buildConfigurationList = 9E2A48A62C97016B00BA2433 /* Build configuration list for PBXNativeTarget "ThreadsApp" */;
			buildPhases = (
				9E2A48942C97016A00BA2433 /* Sources */,
				9E2A48952C97016A00BA2433 /* Frameworks */,
				9E2A48962C97016A00BA2433 /* Resources */,
			);
			buildRules = (
			);
			dependencies = (
			);
			name = ThreadsApp;
			productName = ThreadsApp;
			productReference = 9E2A48982C97016A00BA2433 /* ThreadsApp.app */;
			productType = "com.apple.product-type.application";
		};
/* End PBXNativeTarget section */

/* Begin PBXProject section */
		9E2A48902C97016A00BA2433 /* Project object */ = {
			isa = PBXProject;
			attributes = {
				BuildIndependentTargetsInParallel = 1;
				LastSwiftUpdateCheck = 1540;
				LastUpgradeCheck = 1540;
				TargetAttributes = {
					9E2A48972C97016A00BA2433 = {
						CreatedOnToolsVersion = 15.4;
					};
				};
			};
			buildConfigurationList = 9E2A48932C97016A00BA2433 /* Build configuration list for PBXProject "ThreadsApp" */;
			compatibilityVersion = "Xcode 14.0";
			developmentRegion = en;
			hasScannedForEncodings = 0;
			knownRegions = (
				en,
				Base,
			);
			mainGroup = 9E2A488F2C97016A00BA2433;
			productRefGroup = 9E2A48992C97016A00BA2433 /* Products */;
			projectDirPath = "";
			projectRoot = "";
			targets = (
				9E2A48972C97016A00BA2433 /* ThreadsApp */,
			);
		};
/* End PBXProject section */

/* Begin PBXResourcesBuildPhase section */
		9E2A48962C97016A00BA2433 /* Resources */ = {
			isa = PBXResourcesBuildPhase;
			buildActionMask = 2147483647;
			files = (
				9E2A48A32C97016B00BA2433 /* Preview Assets.xcassets in Resources */,
				9E2A48A02C97016B00BA2433 /* Assets.xcassets in Resources */,
			);
			runOnlyForDeploymentPostprocessing = 0;
		};
/* End PBXResourcesBuildPhase section */

/* Begin PBXSourcesBuildPhase section */
		9E2A48942C97016A00BA2433 /* Sources */ = {
			isa = PBXSourcesBuildPhase;
			buildActionMask = 2147483647;
			files = (
				9E2A48AC2C9703F600BA2433 /* LocationThread.swift in Sources */,
				9E2A489E2C97016A00BA2433 /* ContentView.swift in Sources */,
				9E2A48B02C97041100BA2433 /* AggregationThread.swift in Sources */,
				9E2A48AE2C9703FE00BA2433 /* BatteryThread.swift in Sources */,
				9E2A489C2C97016A00BA2433 /* ThreadsAppApp.swift in Sources */,
				9E2A48AA2C97018B00BA2433 /* ContentViewModel.swift in Sources */,
			);
			runOnlyForDeploymentPostprocessing = 0;
		};
/* End PBXSourcesBuildPhase section */

/* Begin XCBuildConfiguration section */
		9E2A48A42C97016B00BA2433 /* Debug */ = {
			isa = XCBuildConfiguration;
			buildSettings = {
				ALWAYS_SEARCH_USER_PATHS = NO;
				ASSETCATALOG_COMPILER_GENERATE_SWIFT_ASSET_SYMBOL_EXTENSIONS = YES;
				CLANG_ANALYZER_NONNULL = YES;
				CLANG_ANALYZER_NUMBER_OBJECT_CONVERSION = YES_AGGRESSIVE;
				CLANG_CXX_LANGUAGE_STANDARD = "gnu++20";
				CLANG_ENABLE_MODULES = YES;
				CLANG_ENABLE_OBJC_ARC = YES;
				CLANG_ENABLE_OBJC_WEAK = YES;
				CLANG_WARN_BLOCK_CAPTURE_AUTORELEASING = YES;
				CLANG_WARN_BOOL_CONVERSION = YES;
				CLANG_WARN_COMMA = YES;
				CLANG_WARN_CONSTANT_CONVERSION = YES;
				CLANG_WARN_DEPRECATED_OBJC_IMPLEMENTATIONS = YES;
				CLANG_WARN_DIRECT_OBJC_ISA_USAGE = YES_ERROR;
				CLANG_WARN_DOCUMENTATION_COMMENTS = YES;
				CLANG_WARN_EMPTY_BODY = YES;
				CLANG_WARN_ENUM_CONVERSION = YES;
				CLANG_WARN_INFINITE_RECURSION = YES;
				CLANG_WARN_INT_CONVERSION = YES;
				CLANG_WARN_NON_LITERAL_NULL_CONVERSION = YES;
				CLANG_WARN_OBJC_IMPLICIT_RETAIN_SELF = YES;
				CLANG_WARN_OBJC_LITERAL_CONVERSION = YES;
				CLANG_WARN_OBJC_ROOT_CLASS = YES_ERROR;
				CLANG_WARN_QUOTED_INCLUDE_IN_FRAMEWORK_HEADER = YES;
				CLANG_WARN_RANGE_LOOP_ANALYSIS = YES;
				CLANG_WARN_STRICT_PROTOTYPES = YES;
				CLANG_WARN_SUSPICIOUS_MOVE = YES;
				CLANG_WARN_UNGUARDED_AVAILABILITY = YES_AGGRESSIVE;
				CLANG_WARN_UNREACHABLE_CODE = YES;
				CLANG_WARN__DUPLICATE_METHOD_MATCH = YES;
				COPY_PHASE_STRIP = NO;
				DEBUG_INFORMATION_FORMAT = dwarf;
				ENABLE_STRICT_OBJC_MSGSEND = YES;
				ENABLE_TESTABILITY = YES;
				ENABLE_USER_SCRIPT_SANDBOXING = YES;
				GCC_C_LANGUAGE_STANDARD = gnu17;
				GCC_DYNAMIC_NO_PIC = NO;
				GCC_NO_COMMON_BLOCKS = YES;
				GCC_OPTIMIZATION_LEVEL = 0;
				GCC_PREPROCESSOR_DEFINITIONS = (
					"DEBUG=1",
					"$(inherited)",
				);
				GCC_WARN_64_TO_32_BIT_CONVERSION = YES;
				GCC_WARN_ABOUT_RETURN_TYPE = YES_ERROR;
				GCC_WARN_UNDECLARED_SELECTOR = YES;
				GCC_WARN_UNINITIALIZED_AUTOS = YES_AGGRESSIVE;
				GCC_WARN_UNUSED_FUNCTION = YES;
				GCC_WARN_UNUSED_VARIABLE = YES;
				IPHONEOS_DEPLOYMENT_TARGET = 17.5;
				LOCALIZATION_PREFERS_STRING_CATALOGS = YES;
				MTL_ENABLE_DEBUG_INFO = INCLUDE_SOURCE;
				MTL_FAST_MATH = YES;
				ONLY_ACTIVE_ARCH = YES;
				SDKROOT = iphoneos;
				SWIFT_ACTIVE_COMPILATION_CONDITIONS = "DEBUG $(inherited)";
				SWIFT_OPTIMIZATION_LEVEL = "-Onone";
			};
			name = Debug;
		};
		9E2A48A52C97016B00BA2433 /* Release */ = {
			isa = XCBuildConfiguration;
			buildSettings = {
				ALWAYS_SEARCH_USER_PATHS = NO;
				ASSETCATALOG_COMPILER_GENERATE_SWIFT_ASSET_SYMBOL_EXTENSIONS = YES;
				CLANG_ANALYZER_NONNULL = YES;
				CLANG_ANALYZER_NUMBER_OBJECT_CONVERSION = YES_AGGRESSIVE;
				CLANG_CXX_LANGUAGE_STANDARD = "gnu++20";
				CLANG_ENABLE_MODULES = YES;
				CLANG_ENABLE_OBJC_ARC = YES;
				CLANG_ENABLE_OBJC_WEAK = YES;
				CLANG_WARN_BLOCK_CAPTURE_AUTORELEASING = YES;
				CLANG_WARN_BOOL_CONVERSION = YES;
				CLANG_WARN_COMMA = YES;
				CLANG_WARN_CONSTANT_CONVERSION = YES;
				CLANG_WARN_DEPRECATED_OBJC_IMPLEMENTATIONS = YES;
				CLANG_WARN_DIRECT_OBJC_ISA_USAGE = YES_ERROR;
				CLANG_WARN_DOCUMENTATION_COMMENTS = YES;
				CLANG_WARN_EMPTY_BODY = YES;
				CLANG_WARN_ENUM_CONVERSION = YES;
				CLANG_WARN_INFINITE_RECURSION = YES;
				CLANG_WARN_INT_CONVERSION = YES;
				CLANG_WARN_NON_LITERAL_NULL_CONVERSION = YES;
				CLANG_WARN_OBJC_IMPLICIT_RETAIN_SELF = YES;
				CLANG_WARN_OBJC_LITERAL_CONVERSION = YES;
				CLANG_WARN_OBJC_ROOT_CLASS = YES_ERROR;
				CLANG_WARN_QUOTED_INCLUDE_IN_FRAMEWORK_HEADER = YES;
				CLANG_WARN_RANGE_LOOP_ANALYSIS = YES;
				CLANG_WARN_STRICT_PROTOTYPES = YES;
				CLANG_WARN_SUSPICIOUS_MOVE = YES;
				CLANG_WARN_UNGUARDED_AVAILABILITY = YES_AGGRESSIVE;
				CLANG_WARN_UNREACHABLE_CODE = YES;
				CLANG_WARN__DUPLICATE_METHOD_MATCH = YES;
				COPY_PHASE_STRIP = NO;
				DEBUG_INFORMATION_FORMAT = "dwarf-with-dsym";
				ENABLE_NS_ASSERTIONS = NO;
				ENABLE_STRICT_OBJC_MSGSEND = YES;
				ENABLE_USER_SCRIPT_SANDBOXING = YES;
				GCC_C_LANGUAGE_STANDARD = gnu17;
				GCC_NO_COMMON_BLOCKS = YES;
				GCC_WARN_64_TO_32_BIT_CONVERSION = YES;
				GCC_WARN_ABOUT_RETURN_TYPE = YES_ERROR;
				GCC_WARN_UNDECLARED_SELECTOR = YES;
				GCC_WARN_UNINITIALIZED_AUTOS = YES_AGGRESSIVE;
				GCC_WARN_UNUSED_FUNCTION = YES;
				GCC_WARN_UNUSED_VARIABLE = YES;
				IPHONEOS_DEPLOYMENT_TARGET = 17.5;
				LOCALIZATION_PREFERS_STRING_CATALOGS = YES;
				MTL_ENABLE_DEBUG_INFO = NO;
				MTL_FAST_MATH = YES;
				SDKROOT = iphoneos;
				SWIFT_COMPILATION_MODE = wholemodule;
				VALIDATE_PRODUCT = YES;
			};
			name = Release;
		};
		9E2A48A72C97016B00BA2433 /* Debug */ = {
			isa = XCBuildConfiguration;
			buildSettings = {
				ASSETCATALOG_COMPILER_APPICON_NAME = AppIcon;
				ASSETCATALOG_COMPILER_GLOBAL_ACCENT_COLOR_NAME = AccentColor;
				CODE_SIGN_STYLE = Automatic;
				CURRENT_PROJECT_VERSION = 1;
				DEVELOPMENT_ASSET_PATHS = "\"ThreadsApp/Preview Content\"";
				ENABLE_PREVIEWS = YES;
				GENERATE_INFOPLIST_FILE = YES;
				INFOPLIST_KEY_NSLocationWhenInUseUsageDescription = "Aplikacja korzysta z informacji o Twojej lokalizacji";
				INFOPLIST_KEY_UIApplicationSceneManifest_Generation = YES;
				INFOPLIST_KEY_UIApplicationSupportsIndirectInputEvents = YES;
				INFOPLIST_KEY_UILaunchScreen_Generation = YES;
				INFOPLIST_KEY_UISupportedInterfaceOrientations_iPad = "UIInterfaceOrientationPortrait UIInterfaceOrientationPortraitUpsideDown UIInterfaceOrientationLandscapeLeft UIInterfaceOrientationLandscapeRight";
				INFOPLIST_KEY_UISupportedInterfaceOrientations_iPhone = "UIInterfaceOrientationPortrait UIInterfaceOrientationLandscapeLeft UIInterfaceOrientationLandscapeRight";
				LD_RUNPATH_SEARCH_PATHS = (
					"$(inherited)",
					"@executable_path/Frameworks",
				);
				MARKETING_VERSION = 1.0;
				PRODUCT_BUNDLE_IDENTIFIER = com.sebastian.dabrowski.ThreadsApp;
				PRODUCT_NAME = "$(TARGET_NAME)";
				SWIFT_EMIT_LOC_STRINGS = YES;
				SWIFT_VERSION = 5.0;
				TARGETED_DEVICE_FAMILY = "1,2";
			};
			name = Debug;
		};
		9E2A48A82C97016B00BA2433 /* Release */ = {
			isa = XCBuildConfiguration;
			buildSettings = {
				ASSETCATALOG_COMPILER_APPICON_NAME = AppIcon;
				ASSETCATALOG_COMPILER_GLOBAL_ACCENT_COLOR_NAME = AccentColor;
				CODE_SIGN_STYLE = Automatic;
				CURRENT_PROJECT_VERSION = 1;
				DEVELOPMENT_ASSET_PATHS = "\"ThreadsApp/Preview Content\"";
				ENABLE_PREVIEWS = YES;
				GENERATE_INFOPLIST_FILE = YES;
				INFOPLIST_KEY_NSLocationWhenInUseUsageDescription = "Aplikacja korzysta z informacji o Twojej lokalizacji";
				INFOPLIST_KEY_UIApplicationSceneManifest_Generation = YES;
				INFOPLIST_KEY_UIApplicationSupportsIndirectInputEvents = YES;
				INFOPLIST_KEY_UILaunchScreen_Generation = YES;
				INFOPLIST_KEY_UISupportedInterfaceOrientations_iPad = "UIInterfaceOrientationPortrait UIInterfaceOrientationPortraitUpsideDown UIInterfaceOrientationLandscapeLeft UIInterfaceOrientationLandscapeRight";
				INFOPLIST_KEY_UISupportedInterfaceOrientations_iPhone = "UIInterfaceOrientationPortrait UIInterfaceOrientationLandscapeLeft UIInterfaceOrientationLandscapeRight";
				LD_RUNPATH_SEARCH_PATHS = (
					"$(inherited)",
					"@executable_path/Frameworks",
				);
				MARKETING_VERSION = 1.0;
				PRODUCT_BUNDLE_IDENTIFIER = com.sebastian.dabrowski.ThreadsApp;
				PRODUCT_NAME = "$(TARGET_NAME)";
				SWIFT_EMIT_LOC_STRINGS = YES;
				SWIFT_VERSION = 5.0;
				TARGETED_DEVICE_FAMILY = "1,2";
			};
			name = Release;
		};
/* End XCBuildConfiguration section */

/* Begin XCConfigurationList section */
		9E2A48932C97016A00BA2433 /* Build configuration list for PBXProject "ThreadsApp" */ = {
			isa = XCConfigurationList;
			buildConfigurations = (
				9E2A48A42C97016B00BA2433 /* Debug */,
				9E2A48A52C97016B00BA2433 /* Release */,
			);
			defaultConfigurationIsVisible = 0;
			defaultConfigurationName = Release;
		};
		9E2A48A62C97016B00BA2433 /* Build configuration list for PBXNativeTarget "ThreadsApp" */ = {
			isa = XCConfigurationList;
			buildConfigurations = (
				9E2A48A72C97016B00BA2433 /* Debug */,
				9E2A48A82C97016B00BA2433 /* Release */,
			);
			defaultConfigurationIsVisible = 0;
			defaultConfigurationName = Release;
		};
/* End XCConfigurationList section */
	};
	rootObject = 9E2A48902C97016A00BA2433 /* Project object */;
}
